
Microsoft Visual Studio Solution File, Format Version 12.00
# Visual Studio 2013
VisualStudioVersion = 12.0.21005.1
MinimumVisualStudioVersion = 10.0.40219.1
Project("{FAE04EC0-301F-11D3-BF4B-00C04F79EFBC}") = "SARC", "SARC\SARC.csproj", "{16271763-17FA-4EC3-BAD3-CE94D5FDBB93}"
EndProject
Project("{FAE04EC0-301F-11D3-BF4B-00C04F79EFBC}") = "Repositorio", "Repositorio\Repositorio.csproj", "{FF64CFD1-EBC8-47C1-9EAD-A284E805E69D}"
EndProject
Project("{FAE04EC0-301F-11D3-BF4B-00C04F79EFBC}") = "Negocio", "Negocio\Negocio.csproj", "{5232A6F0-4308-4315-9BE7-2439DA76698F}"
EndProject
Global
	GlobalSection(SolutionConfigurationPlatforms) = preSolution
		Debug|Any CPU = Debug|Any CPU
		Release|Any CPU = Release|Any CPU
	EndGlobalSection
	GlobalSection(ProjectConfigurationPlatforms) = postSolution
		{16271763-17FA-4EC3-BAD3-CE94D5FDBB93}.Debug|Any CPU.ActiveCfg = Debug|Any CPU
		{16271763-17FA-4EC3-BAD3-CE94D5FDBB93}.Debug|Any CPU.Build.0 = Debug|Any CPU
		{16271763-17FA-4EC3-BAD3-CE94D5FDBB93}.Release|Any CPU.ActiveCfg = Release|Any CPU
		{16271763-17FA-4EC3-BAD3-CE94D5FDBB93}.Release|Any CPU.Build.0 = Release|Any CPU
		{FF64CFD1-EBC8-47C1-9EAD-A284E805E69D}.Debug|Any CPU.ActiveCfg = Debug|Any CPU
		{FF64CFD1-EBC8-47C1-9EAD-A284E805E69D}.Debug|Any CPU.Build.0 = Debug|Any CPU
		{FF64CFD1-EBC8-47C1-9EAD-A284E805E69D}.Release|Any CPU.ActiveCfg = Release|Any CPU
		{FF64CFD1-EBC8-47C1-9EAD-A284E805E69D}.Release|Any CPU.Build.0 = Release|Any CPU
		{5232A6F0-4308-4315-9BE7-2439DA76698F}.Debug|Any CPU.ActiveCfg = Debug|Any CPU
		{5232A6F0-4308-4315-9BE7-2439DA76698F}.Debug|Any CPU.Build.0 = Debug|Any CPU
		{5232A6F0-4308-4315-9BE7-2439DA76698F}.Release|Any CPU.ActiveCfg = Release|Any CPU
		{5232A6F0-4308-4315-9BE7-2439DA76698F}.Release|Any CPU.Build.0 = Release|Any CPU
	EndGlobalSection
	GlobalSection(SolutionProperties) = preSolution
		HideSolutionNode = FALSE
	EndGlobalSection
EndGlobal
